
Microsoft Visual Studio Solution File, Format Version 12.00
# Visual Studio Version 17
VisualStudioVersion = 17.5.33530.505
MinimumVisualStudioVersion = 10.0.40219.1
Project("{9A19103F-16F7-4668-BE54-9A1E7A4F7556}") = "JobFinderAPI", "JobFinderAPI\JobFinderAPI.csproj", "{F79DAFDE-FE98-4379-8F5A-99E1779281FA}"
EndProject
Project("{FAE04EC0-301F-11D3-BF4B-00C04F79EFBC}") = "JobFinderTests", "JobFinderTests\JobFinderTests.csproj", "{0F40B873-A1F1-4565-B182-61E5FE25810A}"
EndProject
Global
	GlobalSection(SolutionConfigurationPlatforms) = preSolution
		Debug|Any CPU = Debug|Any CPU
		Release|Any CPU = Release|Any CPU
	EndGlobalSection
	GlobalSection(ProjectConfigurationPlatforms) = postSolution
		{F79DAFDE-FE98-4379-8F5A-99E1779281FA}.Debug|Any CPU.ActiveCfg = Debug|Any CPU
		{F79DAFDE-FE98-4379-8F5A-99E1779281FA}.Debug|Any CPU.Build.0 = Debug|Any CPU
		{F79DAFDE-FE98-4379-8F5A-99E1779281FA}.Release|Any CPU.ActiveCfg = Release|Any CPU
		{F79DAFDE-FE98-4379-8F5A-99E1779281FA}.Release|Any CPU.Build.0 = Release|Any CPU
		{0F40B873-A1F1-4565-B182-61E5FE25810A}.Debug|Any CPU.ActiveCfg = Debug|Any CPU
		{0F40B873-A1F1-4565-B182-61E5FE25810A}.Debug|Any CPU.Build.0 = Debug|Any CPU
		{0F40B873-A1F1-4565-B182-61E5FE25810A}.Release|Any CPU.ActiveCfg = Release|Any CPU
		{0F40B873-A1F1-4565-B182-61E5FE25810A}.Release|Any CPU.Build.0 = Release|Any CPU
	EndGlobalSection
	GlobalSection(SolutionProperties) = preSolution
		HideSolutionNode = FALSE
	EndGlobalSection
	GlobalSection(ExtensibilityGlobals) = postSolution
		SolutionGuid = {4EB62F59-0512-40E0-BF59-1513ADAA850C}
	EndGlobalSection
EndGlobal
